{
  "name": "ajs-2",
  "version": "1.0.0",
  "lockfileVersion": 3,
  "requires": true,
  "packages": {
    "": {
      "name": "ajs-2",
      "version": "1.0.0",
      "license": "ISC",
      "dependencies": {
        "@Norddisciple/ajs": "npm:@norddisciple/ajs@^1.0.0"
      }
    },
    "node_modules/@Norddisciple/ajs": {
      "name": "@norddisciple/ajs",
      "version": "1.0.0",
      "resolved": "https://npm.pkg.github.com/download/@norddisciple/ajs/1.0.0/431de9f6777158fa25acc59e38349d8afa78cd8b",
      "integrity": "sha512-tG3AwAQhHfFuMXaqEoNMmMP1Q9WM6ZsUe3j6F1XV/tDfmXiYUuoDtyX2oeBn3VW8zp44CGlql3rCdAr6OVgr9Q==",
      "license": "ISC"
    }
  }
}
